
Microsoft Visual Studio Solution File, Format Version 12.00
# Visual Studio 15
VisualStudioVersion = 15.0.27130.2003
MinimumVisualStudioVersion = 10.0.40219.1
Project("{FAE04EC0-301F-11D3-BF4B-00C04F79EFBC}") = "WebApplication", "WebApplication\WebApplication.csproj", "{ACFBC569-D489-4CF0-90D6-BA973A1EF058}"
EndProject
Project("{FAE04EC0-301F-11D3-BF4B-00C04F79EFBC}") = "IdentityCore.Library", "IdentityCore.Library\IdentityCore.Library.csproj", "{EA25B28F-7C10-4815-9276-70E8DBEB11E9}"
EndProject
Global
	GlobalSection(SolutionConfigurationPlatforms) = preSolution
		Debug|Any CPU = Debug|Any CPU
		Release|Any CPU = Release|Any CPU
	EndGlobalSection
	GlobalSection(ProjectConfigurationPlatforms) = postSolution
		{ACFBC569-D489-4CF0-90D6-BA973A1EF058}.Debug|Any CPU.ActiveCfg = Debug|Any CPU
		{ACFBC569-D489-4CF0-90D6-BA973A1EF058}.Debug|Any CPU.Build.0 = Debug|Any CPU
		{ACFBC569-D489-4CF0-90D6-BA973A1EF058}.Release|Any CPU.ActiveCfg = Release|Any CPU
		{ACFBC569-D489-4CF0-90D6-BA973A1EF058}.Release|Any CPU.Build.0 = Release|Any CPU
		{EA25B28F-7C10-4815-9276-70E8DBEB11E9}.Debug|Any CPU.ActiveCfg = Debug|Any CPU
		{EA25B28F-7C10-4815-9276-70E8DBEB11E9}.Debug|Any CPU.Build.0 = Debug|Any CPU
		{EA25B28F-7C10-4815-9276-70E8DBEB11E9}.Release|Any CPU.ActiveCfg = Release|Any CPU
		{EA25B28F-7C10-4815-9276-70E8DBEB11E9}.Release|Any CPU.Build.0 = Release|Any CPU
	EndGlobalSection
	GlobalSection(SolutionProperties) = preSolution
		HideSolutionNode = FALSE
	EndGlobalSection
	GlobalSection(ExtensibilityGlobals) = postSolution
		SolutionGuid = {530A232D-3D7A-4367-9825-7D79A21DCD51}
	EndGlobalSection
EndGlobal
